
Microsoft Visual Studio Solution File, Format Version 12.00
# Visual Studio Version 17
VisualStudioVersion = 17.10.34928.147
MinimumVisualStudioVersion = 10.0.40219.1
Project("{FAE04EC0-301F-11D3-BF4B-00C04F79EFBC}") = "RPS-Game", "RPS-Game\RPS-Game.csproj", "{B81EDD48-F03D-428F-9248-C7AFCA713374}"
EndProject
Global
	GlobalSection(SolutionConfigurationPlatforms) = preSolution
		Debug|Any CPU = Debug|Any CPU
		Release|Any CPU = Release|Any CPU
	EndGlobalSection
	GlobalSection(ProjectConfigurationPlatforms) = postSolution
		{B81EDD48-F03D-428F-9248-C7AFCA713374}.Debug|Any CPU.ActiveCfg = Debug|Any CPU
		{B81EDD48-F03D-428F-9248-C7AFCA713374}.Debug|Any CPU.Build.0 = Debug|Any CPU
		{B81EDD48-F03D-428F-9248-C7AFCA713374}.Release|Any CPU.ActiveCfg = Release|Any CPU
		{B81EDD48-F03D-428F-9248-C7AFCA713374}.Release|Any CPU.Build.0 = Release|Any CPU
	EndGlobalSection
	GlobalSection(SolutionProperties) = preSolution
		HideSolutionNode = FALSE
	EndGlobalSection
	GlobalSection(ExtensibilityGlobals) = postSolution
		SolutionGuid = {D1EF10B3-C49B-44CD-AB2A-F1DA02D10B08}
	EndGlobalSection
EndGlobal
